
Microsoft Visual Studio Solution File, Format Version 12.00
# Visual Studio Version 17
VisualStudioVersion = 17.4.33103.184
MinimumVisualStudioVersion = 10.0.40219.1
Project("{FAE04EC0-301F-11D3-BF4B-00C04F79EFBC}") = "PiercingProjectiles", "PiercingProjectiles.csproj", "{49307319-257B-46BE-930B-5C3E52F9E93D}"
EndProject
Global
	GlobalSection(SolutionConfigurationPlatforms) = preSolution
		Debug|Any CPU = Debug|Any CPU
		Debug|x64 = Debug|x64
		Release|Any CPU = Release|Any CPU
		Release|x64 = Release|x64
	EndGlobalSection
	GlobalSection(ProjectConfigurationPlatforms) = postSolution
		{49307319-257B-46BE-930B-5C3E52F9E93D}.Debug|Any CPU.ActiveCfg = Debug|Any CPU
		{49307319-257B-46BE-930B-5C3E52F9E93D}.Debug|Any CPU.Build.0 = Debug|Any CPU
		{49307319-257B-46BE-930B-5C3E52F9E93D}.Debug|x64.ActiveCfg = Debug|x64
		{49307319-257B-46BE-930B-5C3E52F9E93D}.Debug|x64.Build.0 = Debug|x64
		{49307319-257B-46BE-930B-5C3E52F9E93D}.Release|Any CPU.ActiveCfg = Release|Any CPU
		{49307319-257B-46BE-930B-5C3E52F9E93D}.Release|Any CPU.Build.0 = Release|Any CPU
		{49307319-257B-46BE-930B-5C3E52F9E93D}.Release|x64.ActiveCfg = Release|x64
		{49307319-257B-46BE-930B-5C3E52F9E93D}.Release|x64.Build.0 = Release|x64
	EndGlobalSection
	GlobalSection(SolutionProperties) = preSolution
		HideSolutionNode = FALSE
	EndGlobalSection
	GlobalSection(ExtensibilityGlobals) = postSolution
		SolutionGuid = {46F648FE-7984-401E-B8A4-569A959E8503}
	EndGlobalSection
EndGlobal
